
Microsoft Visual Studio Solution File, Format Version 12.00
# Visual Studio Version 16
VisualStudioVersion = 16.0.30114.105
MinimumVisualStudioVersion = 10.0.40219.1
Project("{9A19103F-16F7-4668-BE54-9A1E7A4F7556}") = "MFCFriendlyDriverGeneratorTest", "Test\MFCFriendlyDriverGeneratorTest\MFCFriendlyDriverGeneratorTest.csproj", "{1A092671-DCC3-458C-A505-DE420F28022E}"
EndProject
Project("{9A19103F-16F7-4668-BE54-9A1E7A4F7556}") = "MFCFriendlyDriverGenerator", "MFCFriendlyDriverGenerator\MFCFriendlyDriverGenerator.csproj", "{BB0B0D13-18A3-4E4E-BE14-D22724B6AF68}"
EndProject
Project("{9A19103F-16F7-4668-BE54-9A1E7A4F7556}") = "DriverGenerateTest", "Test\DriverGenerateTest\DriverGenerateTest.csproj", "{8FEEC18E-2778-43E9-8A7F-C3F22FEFB545}"
EndProject
Project("{8BC9CEB8-8B4A-11D0-8D11-00A0C91BC942}") = "NativeControls", "Test\Target\NativeControls\NativeControls.vcxproj", "{1ABB7DEC-39DD-43DB-8CCC-9D80DCC3BAC3}"
EndProject
Global
	GlobalSection(SolutionConfigurationPlatforms) = preSolution
		Debug|Any CPU = Debug|Any CPU
		Debug|x64 = Debug|x64
		Debug|x86 = Debug|x86
		Release|Any CPU = Release|Any CPU
		Release|x64 = Release|x64
		Release|x86 = Release|x86
	EndGlobalSection
	GlobalSection(ProjectConfigurationPlatforms) = postSolution
		{1A092671-DCC3-458C-A505-DE420F28022E}.Debug|Any CPU.ActiveCfg = Debug|Any CPU
		{1A092671-DCC3-458C-A505-DE420F28022E}.Debug|Any CPU.Build.0 = Debug|Any CPU
		{1A092671-DCC3-458C-A505-DE420F28022E}.Debug|x64.ActiveCfg = Debug|Any CPU
		{1A092671-DCC3-458C-A505-DE420F28022E}.Debug|x64.Build.0 = Debug|Any CPU
		{1A092671-DCC3-458C-A505-DE420F28022E}.Debug|x86.ActiveCfg = Debug|Any CPU
		{1A092671-DCC3-458C-A505-DE420F28022E}.Debug|x86.Build.0 = Debug|Any CPU
		{1A092671-DCC3-458C-A505-DE420F28022E}.Release|Any CPU.ActiveCfg = Release|Any CPU
		{1A092671-DCC3-458C-A505-DE420F28022E}.Release|Any CPU.Build.0 = Release|Any CPU
		{1A092671-DCC3-458C-A505-DE420F28022E}.Release|x64.ActiveCfg = Release|Any CPU
		{1A092671-DCC3-458C-A505-DE420F28022E}.Release|x64.Build.0 = Release|Any CPU
		{1A092671-DCC3-458C-A505-DE420F28022E}.Release|x86.ActiveCfg = Release|Any CPU
		{1A092671-DCC3-458C-A505-DE420F28022E}.Release|x86.Build.0 = Release|Any CPU
		{BB0B0D13-18A3-4E4E-BE14-D22724B6AF68}.Debug|Any CPU.ActiveCfg = Debug|Any CPU
		{BB0B0D13-18A3-4E4E-BE14-D22724B6AF68}.Debug|Any CPU.Build.0 = Debug|Any CPU
		{BB0B0D13-18A3-4E4E-BE14-D22724B6AF68}.Debug|x64.ActiveCfg = Debug|Any CPU
		{BB0B0D13-18A3-4E4E-BE14-D22724B6AF68}.Debug|x64.Build.0 = Debug|Any CPU
		{BB0B0D13-18A3-4E4E-BE14-D22724B6AF68}.Debug|x86.ActiveCfg = Debug|Any CPU
		{BB0B0D13-18A3-4E4E-BE14-D22724B6AF68}.Debug|x86.Build.0 = Debug|Any CPU
		{BB0B0D13-18A3-4E4E-BE14-D22724B6AF68}.Release|Any CPU.ActiveCfg = Release|Any CPU
		{BB0B0D13-18A3-4E4E-BE14-D22724B6AF68}.Release|Any CPU.Build.0 = Release|Any CPU
		{BB0B0D13-18A3-4E4E-BE14-D22724B6AF68}.Release|x64.ActiveCfg = Release|Any CPU
		{BB0B0D13-18A3-4E4E-BE14-D22724B6AF68}.Release|x64.Build.0 = Release|Any CPU
		{BB0B0D13-18A3-4E4E-BE14-D22724B6AF68}.Release|x86.ActiveCfg = Release|Any CPU
		{BB0B0D13-18A3-4E4E-BE14-D22724B6AF68}.Release|x86.Build.0 = Release|Any CPU
		{8FEEC18E-2778-43E9-8A7F-C3F22FEFB545}.Debug|Any CPU.ActiveCfg = Debug|Any CPU
		{8FEEC18E-2778-43E9-8A7F-C3F22FEFB545}.Debug|Any CPU.Build.0 = Debug|Any CPU
		{8FEEC18E-2778-43E9-8A7F-C3F22FEFB545}.Debug|x64.ActiveCfg = Debug|Any CPU
		{8FEEC18E-2778-43E9-8A7F-C3F22FEFB545}.Debug|x64.Build.0 = Debug|Any CPU
		{8FEEC18E-2778-43E9-8A7F-C3F22FEFB545}.Debug|x86.ActiveCfg = Debug|Any CPU
		{8FEEC18E-2778-43E9-8A7F-C3F22FEFB545}.Debug|x86.Build.0 = Debug|Any CPU
		{8FEEC18E-2778-43E9-8A7F-C3F22FEFB545}.Release|Any CPU.ActiveCfg = Release|Any CPU
		{8FEEC18E-2778-43E9-8A7F-C3F22FEFB545}.Release|Any CPU.Build.0 = Release|Any CPU
		{8FEEC18E-2778-43E9-8A7F-C3F22FEFB545}.Release|x64.ActiveCfg = Release|Any CPU
		{8FEEC18E-2778-43E9-8A7F-C3F22FEFB545}.Release|x64.Build.0 = Release|Any CPU
		{8FEEC18E-2778-43E9-8A7F-C3F22FEFB545}.Release|x86.ActiveCfg = Release|Any CPU
		{8FEEC18E-2778-43E9-8A7F-C3F22FEFB545}.Release|x86.Build.0 = Release|Any CPU
		{1ABB7DEC-39DD-43DB-8CCC-9D80DCC3BAC3}.Debug|Any CPU.ActiveCfg = Debug|Win32
		{1ABB7DEC-39DD-43DB-8CCC-9D80DCC3BAC3}.Debug|x64.ActiveCfg = Debug|x64
		{1ABB7DEC-39DD-43DB-8CCC-9D80DCC3BAC3}.Debug|x64.Build.0 = Debug|x64
		{1ABB7DEC-39DD-43DB-8CCC-9D80DCC3BAC3}.Debug|x86.ActiveCfg = Debug|Win32
		{1ABB7DEC-39DD-43DB-8CCC-9D80DCC3BAC3}.Debug|x86.Build.0 = Debug|Win32
		{1ABB7DEC-39DD-43DB-8CCC-9D80DCC3BAC3}.Release|Any CPU.ActiveCfg = Release|Win32
		{1ABB7DEC-39DD-43DB-8CCC-9D80DCC3BAC3}.Release|x64.ActiveCfg = Release|x64
		{1ABB7DEC-39DD-43DB-8CCC-9D80DCC3BAC3}.Release|x64.Build.0 = Release|x64
		{1ABB7DEC-39DD-43DB-8CCC-9D80DCC3BAC3}.Release|x86.ActiveCfg = Release|Win32
		{1ABB7DEC-39DD-43DB-8CCC-9D80DCC3BAC3}.Release|x86.Build.0 = Release|Win32
	EndGlobalSection
	GlobalSection(SolutionProperties) = preSolution
		HideSolutionNode = FALSE
	EndGlobalSection
	GlobalSection(ExtensibilityGlobals) = postSolution
		SolutionGuid = {FB4296D5-0F93-4CAC-8275-69FCC4FCDA2D}
	EndGlobalSection
EndGlobal
